
Microsoft Visual Studio Solution File, Format Version 12.00
Project("{2150E333-8FDC-42A3-9474-1A3956D46DE8}") = "Services", "Services", "{C4847E9E-4798-45B3-89BC-6B6BB64E32BB}"
EndProject
Project("{2150E333-8FDC-42A3-9474-1A3956D46DE8}") = "Catalog", "Catalog", "{EAED7EC5-2EA4-403E-B17F-D6462935B6F5}"
EndProject
Project("{FAE04EC0-301F-11D3-BF4B-00C04F79EFBC}") = "Catalog.API", "Services\Catalog\Catalog.API\Catalog.API.csproj", "{22235A18-FA14-4AA5-88FB-E15B6C347BD2}"
EndProject
Project("{FAE04EC0-301F-11D3-BF4B-00C04F79EFBC}") = "Catalog.Application", "Services\Catalog\Catalog.Application\Catalog.Application.csproj", "{A9A6C7C2-2060-454C-A522-5CD035191F34}"
EndProject
Project("{FAE04EC0-301F-11D3-BF4B-00C04F79EFBC}") = "Catalog.Infrastructure", "Services\Catalog\Catalog.Infrastructure\Catalog.Infrastructure.csproj", "{CD7080B6-FFBA-4023-B398-5BDBF17A06FD}"
EndProject
Project("{FAE04EC0-301F-11D3-BF4B-00C04F79EFBC}") = "Catalog.Core", "Services\Catalog\Catalog.Core\Catalog.Core.csproj", "{77B92A16-5477-439A-B937-EBBFF48947C4}"
EndProject
Project("{2150E333-8FDC-42A3-9474-1A3956D46DE8}") = "Basket", "Basket", "{939378E9-A802-4AA1-9793-DCC2DFE54580}"
EndProject
Project("{FAE04EC0-301F-11D3-BF4B-00C04F79EFBC}") = "Basket.API", "Services\Basket\Basket.API\Basket.API.csproj", "{344112EB-157F-4F55-978C-F9C65B202F39}"
EndProject
Project("{FAE04EC0-301F-11D3-BF4B-00C04F79EFBC}") = "Basket.Application", "Services\Basket\Basket.Application\Basket.Application.csproj", "{959F3A19-734C-4680-A94B-1154134E6C7B}"
EndProject
Project("{FAE04EC0-301F-11D3-BF4B-00C04F79EFBC}") = "Basket.Core", "Services\Basket\Basket.Core\Basket.Core.csproj", "{C89F357B-49D0-4A5A-95A6-CEBE70FBEFD2}"
EndProject
Project("{FAE04EC0-301F-11D3-BF4B-00C04F79EFBC}") = "Basket.Infrstructure", "Services\Basket\Basket.Infrstructure\Basket.Infrstructure.csproj", "{2C6D300C-A93F-43C5-B828-A12761ED2514}"
EndProject
Project("{2150E333-8FDC-42A3-9474-1A3956D46DE8}") = "Discount", "Discount", "{D140B9C0-8197-4C77-92EE-071438AB3336}"
EndProject
Project("{FAE04EC0-301F-11D3-BF4B-00C04F79EFBC}") = "Discount.API", "Services\Discount\Discount.API\Discount.API.csproj", "{004C81D5-6136-4C53-A22E-897224D32E3B}"
EndProject
Project("{FAE04EC0-301F-11D3-BF4B-00C04F79EFBC}") = "Discount.Core", "Services\Discount\Discount.Core\Discount.Core.csproj", "{0D72B74F-0A76-4FC4-A907-307FAE258DEB}"
EndProject
Project("{FAE04EC0-301F-11D3-BF4B-00C04F79EFBC}") = "Discount.Infrastructure", "Services\Discount\Discount.Infrastructure\Discount.Infrastructure.csproj", "{208840BE-716F-40BB-8ED5-D818C37934A6}"
EndProject
Project("{FAE04EC0-301F-11D3-BF4B-00C04F79EFBC}") = "Discount.Application", "Services\Discount\Discount.Application\Discount.Application.csproj", "{8A07B1EF-4BA7-4948-98C1-0B602889AB99}"
EndProject
Project("{2150E333-8FDC-42A3-9474-1A3956D46DE8}") = "Ordering", "Ordering", "{B1035D68-5E49-4558-8E98-FC9851126706}"
EndProject
Project("{FAE04EC0-301F-11D3-BF4B-00C04F79EFBC}") = "Ordering.API", "Services\Ordering\Ordering.API\Ordering.API.csproj", "{E8BF7D6B-67E5-4E9D-9EBC-0FC877E7A240}"
EndProject
Project("{FAE04EC0-301F-11D3-BF4B-00C04F79EFBC}") = "Ordering.Application", "Services\Ordering\Ordering.Application\Ordering.Application.csproj", "{BDFE636D-3549-4A8B-890F-9319AF4EF947}"
EndProject
Project("{FAE04EC0-301F-11D3-BF4B-00C04F79EFBC}") = "Ordering.Infrastructure", "Services\Ordering\Ordering.Infrastructure\Ordering.Infrastructure.csproj", "{3FA8C149-349E-499C-BA73-B783FFA814C5}"
EndProject
Project("{FAE04EC0-301F-11D3-BF4B-00C04F79EFBC}") = "Ordering.Core", "Services\Ordering\Ordering.Core\Ordering.Core.csproj", "{78A11FF4-60F1-4694-B297-29279E0B9783}"
EndProject
Global
	GlobalSection(SolutionConfigurationPlatforms) = preSolution
		Debug|Any CPU = Debug|Any CPU
		Release|Any CPU = Release|Any CPU
	EndGlobalSection
	GlobalSection(NestedProjects) = preSolution
		{EAED7EC5-2EA4-403E-B17F-D6462935B6F5} = {C4847E9E-4798-45B3-89BC-6B6BB64E32BB}
		{22235A18-FA14-4AA5-88FB-E15B6C347BD2} = {EAED7EC5-2EA4-403E-B17F-D6462935B6F5}
		{A9A6C7C2-2060-454C-A522-5CD035191F34} = {EAED7EC5-2EA4-403E-B17F-D6462935B6F5}
		{CD7080B6-FFBA-4023-B398-5BDBF17A06FD} = {EAED7EC5-2EA4-403E-B17F-D6462935B6F5}
		{77B92A16-5477-439A-B937-EBBFF48947C4} = {EAED7EC5-2EA4-403E-B17F-D6462935B6F5}
		{939378E9-A802-4AA1-9793-DCC2DFE54580} = {C4847E9E-4798-45B3-89BC-6B6BB64E32BB}
		{344112EB-157F-4F55-978C-F9C65B202F39} = {939378E9-A802-4AA1-9793-DCC2DFE54580}
		{959F3A19-734C-4680-A94B-1154134E6C7B} = {939378E9-A802-4AA1-9793-DCC2DFE54580}
		{C89F357B-49D0-4A5A-95A6-CEBE70FBEFD2} = {939378E9-A802-4AA1-9793-DCC2DFE54580}
		{2C6D300C-A93F-43C5-B828-A12761ED2514} = {939378E9-A802-4AA1-9793-DCC2DFE54580}
		{D140B9C0-8197-4C77-92EE-071438AB3336} = {C4847E9E-4798-45B3-89BC-6B6BB64E32BB}
		{004C81D5-6136-4C53-A22E-897224D32E3B} = {D140B9C0-8197-4C77-92EE-071438AB3336}
		{0D72B74F-0A76-4FC4-A907-307FAE258DEB} = {D140B9C0-8197-4C77-92EE-071438AB3336}
		{208840BE-716F-40BB-8ED5-D818C37934A6} = {D140B9C0-8197-4C77-92EE-071438AB3336}
		{8A07B1EF-4BA7-4948-98C1-0B602889AB99} = {D140B9C0-8197-4C77-92EE-071438AB3336}
		{B1035D68-5E49-4558-8E98-FC9851126706} = {C4847E9E-4798-45B3-89BC-6B6BB64E32BB}
		{E8BF7D6B-67E5-4E9D-9EBC-0FC877E7A240} = {B1035D68-5E49-4558-8E98-FC9851126706}
		{BDFE636D-3549-4A8B-890F-9319AF4EF947} = {B1035D68-5E49-4558-8E98-FC9851126706}
		{3FA8C149-349E-499C-BA73-B783FFA814C5} = {B1035D68-5E49-4558-8E98-FC9851126706}
		{78A11FF4-60F1-4694-B297-29279E0B9783} = {B1035D68-5E49-4558-8E98-FC9851126706}
	EndGlobalSection
	GlobalSection(ProjectConfigurationPlatforms) = postSolution
		{22235A18-FA14-4AA5-88FB-E15B6C347BD2}.Debug|Any CPU.ActiveCfg = Debug|Any CPU
		{22235A18-FA14-4AA5-88FB-E15B6C347BD2}.Debug|Any CPU.Build.0 = Debug|Any CPU
		{22235A18-FA14-4AA5-88FB-E15B6C347BD2}.Release|Any CPU.ActiveCfg = Release|Any CPU
		{22235A18-FA14-4AA5-88FB-E15B6C347BD2}.Release|Any CPU.Build.0 = Release|Any CPU
		{A9A6C7C2-2060-454C-A522-5CD035191F34}.Debug|Any CPU.ActiveCfg = Debug|Any CPU
		{A9A6C7C2-2060-454C-A522-5CD035191F34}.Debug|Any CPU.Build.0 = Debug|Any CPU
		{A9A6C7C2-2060-454C-A522-5CD035191F34}.Release|Any CPU.ActiveCfg = Release|Any CPU
		{A9A6C7C2-2060-454C-A522-5CD035191F34}.Release|Any CPU.Build.0 = Release|Any CPU
		{CD7080B6-FFBA-4023-B398-5BDBF17A06FD}.Debug|Any CPU.ActiveCfg = Debug|Any CPU
		{CD7080B6-FFBA-4023-B398-5BDBF17A06FD}.Debug|Any CPU.Build.0 = Debug|Any CPU
		{CD7080B6-FFBA-4023-B398-5BDBF17A06FD}.Release|Any CPU.ActiveCfg = Release|Any CPU
		{CD7080B6-FFBA-4023-B398-5BDBF17A06FD}.Release|Any CPU.Build.0 = Release|Any CPU
		{77B92A16-5477-439A-B937-EBBFF48947C4}.Debug|Any CPU.ActiveCfg = Debug|Any CPU
		{77B92A16-5477-439A-B937-EBBFF48947C4}.Debug|Any CPU.Build.0 = Debug|Any CPU
		{77B92A16-5477-439A-B937-EBBFF48947C4}.Release|Any CPU.ActiveCfg = Release|Any CPU
		{77B92A16-5477-439A-B937-EBBFF48947C4}.Release|Any CPU.Build.0 = Release|Any CPU
		{344112EB-157F-4F55-978C-F9C65B202F39}.Debug|Any CPU.ActiveCfg = Debug|Any CPU
		{344112EB-157F-4F55-978C-F9C65B202F39}.Debug|Any CPU.Build.0 = Debug|Any CPU
		{344112EB-157F-4F55-978C-F9C65B202F39}.Release|Any CPU.ActiveCfg = Release|Any CPU
		{344112EB-157F-4F55-978C-F9C65B202F39}.Release|Any CPU.Build.0 = Release|Any CPU
		{959F3A19-734C-4680-A94B-1154134E6C7B}.Debug|Any CPU.ActiveCfg = Debug|Any CPU
		{959F3A19-734C-4680-A94B-1154134E6C7B}.Debug|Any CPU.Build.0 = Debug|Any CPU
		{959F3A19-734C-4680-A94B-1154134E6C7B}.Release|Any CPU.ActiveCfg = Release|Any CPU
		{959F3A19-734C-4680-A94B-1154134E6C7B}.Release|Any CPU.Build.0 = Release|Any CPU
		{C89F357B-49D0-4A5A-95A6-CEBE70FBEFD2}.Debug|Any CPU.ActiveCfg = Debug|Any CPU
		{C89F357B-49D0-4A5A-95A6-CEBE70FBEFD2}.Debug|Any CPU.Build.0 = Debug|Any CPU
		{C89F357B-49D0-4A5A-95A6-CEBE70FBEFD2}.Release|Any CPU.ActiveCfg = Release|Any CPU
		{C89F357B-49D0-4A5A-95A6-CEBE70FBEFD2}.Release|Any CPU.Build.0 = Release|Any CPU
		{2C6D300C-A93F-43C5-B828-A12761ED2514}.Debug|Any CPU.ActiveCfg = Debug|Any CPU
		{2C6D300C-A93F-43C5-B828-A12761ED2514}.Debug|Any CPU.Build.0 = Debug|Any CPU
		{2C6D300C-A93F-43C5-B828-A12761ED2514}.Release|Any CPU.ActiveCfg = Release|Any CPU
		{2C6D300C-A93F-43C5-B828-A12761ED2514}.Release|Any CPU.Build.0 = Release|Any CPU
		{004C81D5-6136-4C53-A22E-897224D32E3B}.Debug|Any CPU.ActiveCfg = Debug|Any CPU
		{004C81D5-6136-4C53-A22E-897224D32E3B}.Debug|Any CPU.Build.0 = Debug|Any CPU
		{004C81D5-6136-4C53-A22E-897224D32E3B}.Release|Any CPU.ActiveCfg = Release|Any CPU
		{004C81D5-6136-4C53-A22E-897224D32E3B}.Release|Any CPU.Build.0 = Release|Any CPU
		{0D72B74F-0A76-4FC4-A907-307FAE258DEB}.Debug|Any CPU.ActiveCfg = Debug|Any CPU
		{0D72B74F-0A76-4FC4-A907-307FAE258DEB}.Debug|Any CPU.Build.0 = Debug|Any CPU
		{0D72B74F-0A76-4FC4-A907-307FAE258DEB}.Release|Any CPU.ActiveCfg = Release|Any CPU
		{0D72B74F-0A76-4FC4-A907-307FAE258DEB}.Release|Any CPU.Build.0 = Release|Any CPU
		{208840BE-716F-40BB-8ED5-D818C37934A6}.Debug|Any CPU.ActiveCfg = Debug|Any CPU
		{208840BE-716F-40BB-8ED5-D818C37934A6}.Debug|Any CPU.Build.0 = Debug|Any CPU
		{208840BE-716F-40BB-8ED5-D818C37934A6}.Release|Any CPU.ActiveCfg = Release|Any CPU
		{208840BE-716F-40BB-8ED5-D818C37934A6}.Release|Any CPU.Build.0 = Release|Any CPU
		{8A07B1EF-4BA7-4948-98C1-0B602889AB99}.Debug|Any CPU.ActiveCfg = Debug|Any CPU
		{8A07B1EF-4BA7-4948-98C1-0B602889AB99}.Debug|Any CPU.Build.0 = Debug|Any CPU
		{8A07B1EF-4BA7-4948-98C1-0B602889AB99}.Release|Any CPU.ActiveCfg = Release|Any CPU
		{8A07B1EF-4BA7-4948-98C1-0B602889AB99}.Release|Any CPU.Build.0 = Release|Any CPU
		{E8BF7D6B-67E5-4E9D-9EBC-0FC877E7A240}.Debug|Any CPU.ActiveCfg = Debug|Any CPU
		{E8BF7D6B-67E5-4E9D-9EBC-0FC877E7A240}.Debug|Any CPU.Build.0 = Debug|Any CPU
		{E8BF7D6B-67E5-4E9D-9EBC-0FC877E7A240}.Release|Any CPU.ActiveCfg = Release|Any CPU
		{E8BF7D6B-67E5-4E9D-9EBC-0FC877E7A240}.Release|Any CPU.Build.0 = Release|Any CPU
		{BDFE636D-3549-4A8B-890F-9319AF4EF947}.Debug|Any CPU.ActiveCfg = Debug|Any CPU
		{BDFE636D-3549-4A8B-890F-9319AF4EF947}.Debug|Any CPU.Build.0 = Debug|Any CPU
		{BDFE636D-3549-4A8B-890F-9319AF4EF947}.Release|Any CPU.ActiveCfg = Release|Any CPU
		{BDFE636D-3549-4A8B-890F-9319AF4EF947}.Release|Any CPU.Build.0 = Release|Any CPU
		{3FA8C149-349E-499C-BA73-B783FFA814C5}.Debug|Any CPU.ActiveCfg = Debug|Any CPU
		{3FA8C149-349E-499C-BA73-B783FFA814C5}.Debug|Any CPU.Build.0 = Debug|Any CPU
		{3FA8C149-349E-499C-BA73-B783FFA814C5}.Release|Any CPU.ActiveCfg = Release|Any CPU
		{3FA8C149-349E-499C-BA73-B783FFA814C5}.Release|Any CPU.Build.0 = Release|Any CPU
		{78A11FF4-60F1-4694-B297-29279E0B9783}.Debug|Any CPU.ActiveCfg = Debug|Any CPU
		{78A11FF4-60F1-4694-B297-29279E0B9783}.Debug|Any CPU.Build.0 = Debug|Any CPU
		{78A11FF4-60F1-4694-B297-29279E0B9783}.Release|Any CPU.ActiveCfg = Release|Any CPU
		{78A11FF4-60F1-4694-B297-29279E0B9783}.Release|Any CPU.Build.0 = Release|Any CPU
	EndGlobalSection
EndGlobal
